
Microsoft Visual Studio Solution File, Format Version 12.00
# Visual Studio Version 17
VisualStudioVersion = 17.1.32210.238
MinimumVisualStudioVersion = 10.0.40219.1
Project("{FAE04EC0-301F-11D3-BF4B-00C04F79EFBC}") = "Image_Filters", "Image_Filters\Image_Filters.csproj", "{D5CF051D-F2AE-4694-A854-00FC5A21789F}"
EndProject
Global
	GlobalSection(SolutionConfigurationPlatforms) = preSolution
		Debug|Any CPU = Debug|Any CPU
		Release|Any CPU = Release|Any CPU
	EndGlobalSection
	GlobalSection(ProjectConfigurationPlatforms) = postSolution
		{D5CF051D-F2AE-4694-A854-00FC5A21789F}.Debug|Any CPU.ActiveCfg = Debug|Any CPU
		{D5CF051D-F2AE-4694-A854-00FC5A21789F}.Debug|Any CPU.Build.0 = Debug|Any CPU
		{D5CF051D-F2AE-4694-A854-00FC5A21789F}.Release|Any CPU.ActiveCfg = Release|Any CPU
		{D5CF051D-F2AE-4694-A854-00FC5A21789F}.Release|Any CPU.Build.0 = Release|Any CPU
	EndGlobalSection
	GlobalSection(SolutionProperties) = preSolution
		HideSolutionNode = FALSE
	EndGlobalSection
	GlobalSection(ExtensibilityGlobals) = postSolution
		SolutionGuid = {DC987F8F-B38A-43C6-9B92-CD3C8FD1FAAA}
	EndGlobalSection
EndGlobal
